
Microsoft Visual Studio Solution File, Format Version 12.00
# Visual Studio Version 16
VisualStudioVersion = 16.0.31702.278
MinimumVisualStudioVersion = 10.0.40219.1
Project("{FAE04EC0-301F-11D3-BF4B-00C04F79EFBC}") = "hw1", "hw12\hw1.csproj", "{6389E8D6-9C3A-4553-80E8-D75AA8FC20E8}"
EndProject
Global
	GlobalSection(SolutionConfigurationPlatforms) = preSolution
		Debug|Any CPU = Debug|Any CPU
		Release|Any CPU = Release|Any CPU
	EndGlobalSection
	GlobalSection(ProjectConfigurationPlatforms) = postSolution
		{6389E8D6-9C3A-4553-80E8-D75AA8FC20E8}.Debug|Any CPU.ActiveCfg = Debug|Any CPU
		{6389E8D6-9C3A-4553-80E8-D75AA8FC20E8}.Debug|Any CPU.Build.0 = Debug|Any CPU
		{6389E8D6-9C3A-4553-80E8-D75AA8FC20E8}.Release|Any CPU.ActiveCfg = Release|Any CPU
		{6389E8D6-9C3A-4553-80E8-D75AA8FC20E8}.Release|Any CPU.Build.0 = Release|Any CPU
	EndGlobalSection
	GlobalSection(SolutionProperties) = preSolution
		HideSolutionNode = FALSE
	EndGlobalSection
	GlobalSection(ExtensibilityGlobals) = postSolution
		SolutionGuid = {5A226FE8-CA99-4848-B28A-6EE83AC61819}
	EndGlobalSection
EndGlobal
