
Microsoft Visual Studio Solution File, Format Version 12.00
# Visual Studio Version 16
VisualStudioVersion = 16.0.31729.503
MinimumVisualStudioVersion = 10.0.40219.1
Project("{FAE04EC0-301F-11D3-BF4B-00C04F79EFBC}") = "presentation", "presentation\presentation.csproj", "{5C809D60-C90B-4F02-9B12-CE7B6135EB8B}"
EndProject
Global
	GlobalSection(SolutionConfigurationPlatforms) = preSolution
		Debug|Any CPU = Debug|Any CPU
		Release|Any CPU = Release|Any CPU
	EndGlobalSection
	GlobalSection(ProjectConfigurationPlatforms) = postSolution
		{5C809D60-C90B-4F02-9B12-CE7B6135EB8B}.Debug|Any CPU.ActiveCfg = Debug|Any CPU
		{5C809D60-C90B-4F02-9B12-CE7B6135EB8B}.Debug|Any CPU.Build.0 = Debug|Any CPU
		{5C809D60-C90B-4F02-9B12-CE7B6135EB8B}.Release|Any CPU.ActiveCfg = Release|Any CPU
		{5C809D60-C90B-4F02-9B12-CE7B6135EB8B}.Release|Any CPU.Build.0 = Release|Any CPU
	EndGlobalSection
	GlobalSection(SolutionProperties) = preSolution
		HideSolutionNode = FALSE
	EndGlobalSection
	GlobalSection(ExtensibilityGlobals) = postSolution
		SolutionGuid = {9AAC4BDF-F25A-4868-BF52-251B2B504666}
	EndGlobalSection
EndGlobal
